
Microsoft Visual Studio Solution File, Format Version 12.00
# Visual Studio Version 17
VisualStudioVersion = 17.3.32811.315
MinimumVisualStudioVersion = 10.0.40219.1
Project("{FAE04EC0-301F-11D3-BF4B-00C04F79EFBC}") = "QuizzApp", "QuizzApp\QuizzApp.csproj", "{76EF6FE6-77C7-4B4C-BE92-57C30D7FB269}"
EndProject
Global
	GlobalSection(SolutionConfigurationPlatforms) = preSolution
		Debug|Any CPU = Debug|Any CPU
		Release|Any CPU = Release|Any CPU
	EndGlobalSection
	GlobalSection(ProjectConfigurationPlatforms) = postSolution
		{76EF6FE6-77C7-4B4C-BE92-57C30D7FB269}.Debug|Any CPU.ActiveCfg = Debug|Any CPU
		{76EF6FE6-77C7-4B4C-BE92-57C30D7FB269}.Debug|Any CPU.Build.0 = Debug|Any CPU
		{76EF6FE6-77C7-4B4C-BE92-57C30D7FB269}.Release|Any CPU.ActiveCfg = Release|Any CPU
		{76EF6FE6-77C7-4B4C-BE92-57C30D7FB269}.Release|Any CPU.Build.0 = Release|Any CPU
	EndGlobalSection
	GlobalSection(SolutionProperties) = preSolution
		HideSolutionNode = FALSE
	EndGlobalSection
	GlobalSection(ExtensibilityGlobals) = postSolution
		SolutionGuid = {77599FC6-4848-4BBA-8804-AAE0E3343203}
	EndGlobalSection
EndGlobal
